
Microsoft Visual Studio Solution File, Format Version 12.00
# Visual Studio Version 16
VisualStudioVersion = 16.0.29519.87
MinimumVisualStudioVersion = 15.0.26124.0
Project("{2150E333-8FDC-42A3-9474-1A3956D46DE8}") = "src", "src", "{EE663816-BFD3-48AE-9D5D-5E84A8020DFF}"
EndProject
Project("{9A19103F-16F7-4668-BE54-9A1E7A4F7556}") = "BRBMicroSites", "src\BRBMicroSites\BRBMicroSites.csproj", "{FF2DC7D6-220C-41EF-B6FD-37EF87276893}"
EndProject
Project("{2150E333-8FDC-42A3-9474-1A3956D46DE8}") = "test", "test", "{4E9AA6C5-CBEB-46D7-87B8-549A8F708AB6}"
EndProject
Project("{9A19103F-16F7-4668-BE54-9A1E7A4F7556}") = "BRBMicroSites.Tests", "test\BRBMicroSites.Tests\BRBMicroSites.Tests.csproj", "{45FB1CF8-CFDF-4BE5-ABE6-29EC896BE5DF}"
EndProject
Project("{FAE04EC0-301F-11D3-BF4B-00C04F79EFBC}") = "BRB.Resources", "src\BRB.Resources\BRB.Resources.csproj", "{74918D16-39A6-4EFC-8893-8FAE4A24FCBA}"
EndProject
Project("{2150E333-8FDC-42A3-9474-1A3956D46DE8}") = "Solution Items", "Solution Items", "{D8A019DA-E844-406D-9A1A-5718B20AD1F9}"
	ProjectSection(SolutionItems) = preProject
		.dockerignore = .dockerignore
		.gitignore = .gitignore
		docker-compose.yaml = docker-compose.yaml
	EndProjectSection
EndProject
Global
	GlobalSection(SolutionConfigurationPlatforms) = preSolution
		AWSPostProduction|Any CPU = AWSPostProduction|Any CPU
		AWSPostProduction|x64 = AWSPostProduction|x64
		AWSPostProduction|x86 = AWSPostProduction|x86
		AWSStaging|Any CPU = AWSStaging|Any CPU
		AWSStaging|x64 = AWSStaging|x64
		AWSStaging|x86 = AWSStaging|x86
		AWSValidation|Any CPU = AWSValidation|Any CPU
		AWSValidation|x64 = AWSValidation|x64
		AWSValidation|x86 = AWSValidation|x86
		Debug|Any CPU = Debug|Any CPU
		Debug|x64 = Debug|x64
		Debug|x86 = Debug|x86
		Development|Any CPU = Development|Any CPU
		Development|x64 = Development|x64
		Development|x86 = Development|x86
		PostProduction|Any CPU = PostProduction|Any CPU
		PostProduction|x64 = PostProduction|x64
		PostProduction|x86 = PostProduction|x86
		Production|Any CPU = Production|Any CPU
		Production|x64 = Production|x64
		Production|x86 = Production|x86
		Release|Any CPU = Release|Any CPU
		Release|x64 = Release|x64
		Release|x86 = Release|x86
		Staging|Any CPU = Staging|Any CPU
		Staging|x64 = Staging|x64
		Staging|x86 = Staging|x86
		Validation|Any CPU = Validation|Any CPU
		Validation|x64 = Validation|x64
		Validation|x86 = Validation|x86
	EndGlobalSection
	GlobalSection(ProjectConfigurationPlatforms) = postSolution
		{FF2DC7D6-220C-41EF-B6FD-37EF87276893}.AWSPostProduction|Any CPU.ActiveCfg = Release|Any CPU
		{FF2DC7D6-220C-41EF-B6FD-37EF87276893}.AWSPostProduction|Any CPU.Build.0 = Release|Any CPU
		{FF2DC7D6-220C-41EF-B6FD-37EF87276893}.AWSPostProduction|x64.ActiveCfg = Release|Any CPU
		{FF2DC7D6-220C-41EF-B6FD-37EF87276893}.AWSPostProduction|x64.Build.0 = Release|Any CPU
		{FF2DC7D6-220C-41EF-B6FD-37EF87276893}.AWSPostProduction|x86.ActiveCfg = Release|Any CPU
		{FF2DC7D6-220C-41EF-B6FD-37EF87276893}.AWSPostProduction|x86.Build.0 = Release|Any CPU
		{FF2DC7D6-220C-41EF-B6FD-37EF87276893}.AWSStaging|Any CPU.ActiveCfg = Release|Any CPU
		{FF2DC7D6-220C-41EF-B6FD-37EF87276893}.AWSStaging|Any CPU.Build.0 = Release|Any CPU
		{FF2DC7D6-220C-41EF-B6FD-37EF87276893}.AWSStaging|x64.ActiveCfg = Release|Any CPU
		{FF2DC7D6-220C-41EF-B6FD-37EF87276893}.AWSStaging|x64.Build.0 = Release|Any CPU
		{FF2DC7D6-220C-41EF-B6FD-37EF87276893}.AWSStaging|x86.ActiveCfg = Release|Any CPU
		{FF2DC7D6-220C-41EF-B6FD-37EF87276893}.AWSStaging|x86.Build.0 = Release|Any CPU
		{FF2DC7D6-220C-41EF-B6FD-37EF87276893}.AWSValidation|Any CPU.ActiveCfg = Release|Any CPU
		{FF2DC7D6-220C-41EF-B6FD-37EF87276893}.AWSValidation|Any CPU.Build.0 = Release|Any CPU
		{FF2DC7D6-220C-41EF-B6FD-37EF87276893}.AWSValidation|x64.ActiveCfg = Release|Any CPU
		{FF2DC7D6-220C-41EF-B6FD-37EF87276893}.AWSValidation|x64.Build.0 = Release|Any CPU
		{FF2DC7D6-220C-41EF-B6FD-37EF87276893}.AWSValidation|x86.ActiveCfg = Release|Any CPU
		{FF2DC7D6-220C-41EF-B6FD-37EF87276893}.AWSValidation|x86.Build.0 = Release|Any CPU
		{FF2DC7D6-220C-41EF-B6FD-37EF87276893}.Debug|Any CPU.ActiveCfg = Debug|Any CPU
		{FF2DC7D6-220C-41EF-B6FD-37EF87276893}.Debug|Any CPU.Build.0 = Debug|Any CPU
		{FF2DC7D6-220C-41EF-B6FD-37EF87276893}.Debug|x64.ActiveCfg = Debug|Any CPU
		{FF2DC7D6-220C-41EF-B6FD-37EF87276893}.Debug|x64.Build.0 = Debug|Any CPU
		{FF2DC7D6-220C-41EF-B6FD-37EF87276893}.Debug|x86.ActiveCfg = Debug|Any CPU
		{FF2DC7D6-220C-41EF-B6FD-37EF87276893}.Debug|x86.Build.0 = Debug|Any CPU
		{FF2DC7D6-220C-41EF-B6FD-37EF87276893}.Development|Any CPU.ActiveCfg = Debug|Any CPU
		{FF2DC7D6-220C-41EF-B6FD-37EF87276893}.Development|Any CPU.Build.0 = Debug|Any CPU
		{FF2DC7D6-220C-41EF-B6FD-37EF87276893}.Development|x64.ActiveCfg = Debug|Any CPU
		{FF2DC7D6-220C-41EF-B6FD-37EF87276893}.Development|x64.Build.0 = Debug|Any CPU
		{FF2DC7D6-220C-41EF-B6FD-37EF87276893}.Development|x86.ActiveCfg = Debug|Any CPU
		{FF2DC7D6-220C-41EF-B6FD-37EF87276893}.Development|x86.Build.0 = Debug|Any CPU
		{FF2DC7D6-220C-41EF-B6FD-37EF87276893}.PostProduction|Any CPU.ActiveCfg = Release|Any CPU
		{FF2DC7D6-220C-41EF-B6FD-37EF87276893}.PostProduction|Any CPU.Build.0 = Release|Any CPU
		{FF2DC7D6-220C-41EF-B6FD-37EF87276893}.PostProduction|x64.ActiveCfg = Release|Any CPU
		{FF2DC7D6-220C-41EF-B6FD-37EF87276893}.PostProduction|x64.Build.0 = Release|Any CPU
		{FF2DC7D6-220C-41EF-B6FD-37EF87276893}.PostProduction|x86.ActiveCfg = Release|Any CPU
		{FF2DC7D6-220C-41EF-B6FD-37EF87276893}.PostProduction|x86.Build.0 = Release|Any CPU
		{FF2DC7D6-220C-41EF-B6FD-37EF87276893}.Production|Any CPU.ActiveCfg = Release|Any CPU
		{FF2DC7D6-220C-41EF-B6FD-37EF87276893}.Production|Any CPU.Build.0 = Release|Any CPU
		{FF2DC7D6-220C-41EF-B6FD-37EF87276893}.Production|x64.ActiveCfg = Release|Any CPU
		{FF2DC7D6-220C-41EF-B6FD-37EF87276893}.Production|x64.Build.0 = Release|Any CPU
		{FF2DC7D6-220C-41EF-B6FD-37EF87276893}.Production|x86.ActiveCfg = Release|Any CPU
		{FF2DC7D6-220C-41EF-B6FD-37EF87276893}.Production|x86.Build.0 = Release|Any CPU
		{FF2DC7D6-220C-41EF-B6FD-37EF87276893}.Release|Any CPU.ActiveCfg = Release|Any CPU
		{FF2DC7D6-220C-41EF-B6FD-37EF87276893}.Release|Any CPU.Build.0 = Release|Any CPU
		{FF2DC7D6-220C-41EF-B6FD-37EF87276893}.Release|x64.ActiveCfg = Release|Any CPU
		{FF2DC7D6-220C-41EF-B6FD-37EF87276893}.Release|x64.Build.0 = Release|Any CPU
		{FF2DC7D6-220C-41EF-B6FD-37EF87276893}.Release|x86.ActiveCfg = Release|Any CPU
		{FF2DC7D6-220C-41EF-B6FD-37EF87276893}.Release|x86.Build.0 = Release|Any CPU
		{FF2DC7D6-220C-41EF-B6FD-37EF87276893}.Staging|Any CPU.ActiveCfg = Release|Any CPU
		{FF2DC7D6-220C-41EF-B6FD-37EF87276893}.Staging|Any CPU.Build.0 = Release|Any CPU
		{FF2DC7D6-220C-41EF-B6FD-37EF87276893}.Staging|x64.ActiveCfg = Release|Any CPU
		{FF2DC7D6-220C-41EF-B6FD-37EF87276893}.Staging|x64.Build.0 = Release|Any CPU
		{FF2DC7D6-220C-41EF-B6FD-37EF87276893}.Staging|x86.ActiveCfg = Release|Any CPU
		{FF2DC7D6-220C-41EF-B6FD-37EF87276893}.Staging|x86.Build.0 = Release|Any CPU
		{FF2DC7D6-220C-41EF-B6FD-37EF87276893}.Validation|Any CPU.ActiveCfg = Release|Any CPU
		{FF2DC7D6-220C-41EF-B6FD-37EF87276893}.Validation|Any CPU.Build.0 = Release|Any CPU
		{FF2DC7D6-220C-41EF-B6FD-37EF87276893}.Validation|x64.ActiveCfg = Release|Any CPU
		{FF2DC7D6-220C-41EF-B6FD-37EF87276893}.Validation|x64.Build.0 = Release|Any CPU
		{FF2DC7D6-220C-41EF-B6FD-37EF87276893}.Validation|x86.ActiveCfg = Release|Any CPU
		{FF2DC7D6-220C-41EF-B6FD-37EF87276893}.Validation|x86.Build.0 = Release|Any CPU
		{45FB1CF8-CFDF-4BE5-ABE6-29EC896BE5DF}.AWSPostProduction|Any CPU.ActiveCfg = Release|Any CPU
		{45FB1CF8-CFDF-4BE5-ABE6-29EC896BE5DF}.AWSPostProduction|Any CPU.Build.0 = Release|Any CPU
		{45FB1CF8-CFDF-4BE5-ABE6-29EC896BE5DF}.AWSPostProduction|x64.ActiveCfg = Release|Any CPU
		{45FB1CF8-CFDF-4BE5-ABE6-29EC896BE5DF}.AWSPostProduction|x64.Build.0 = Release|Any CPU
		{45FB1CF8-CFDF-4BE5-ABE6-29EC896BE5DF}.AWSPostProduction|x86.ActiveCfg = Release|Any CPU
		{45FB1CF8-CFDF-4BE5-ABE6-29EC896BE5DF}.AWSPostProduction|x86.Build.0 = Release|Any CPU
		{45FB1CF8-CFDF-4BE5-ABE6-29EC896BE5DF}.AWSStaging|Any CPU.ActiveCfg = Release|Any CPU
		{45FB1CF8-CFDF-4BE5-ABE6-29EC896BE5DF}.AWSStaging|Any CPU.Build.0 = Release|Any CPU
		{45FB1CF8-CFDF-4BE5-ABE6-29EC896BE5DF}.AWSStaging|x64.ActiveCfg = Release|Any CPU
		{45FB1CF8-CFDF-4BE5-ABE6-29EC896BE5DF}.AWSStaging|x64.Build.0 = Release|Any CPU
		{45FB1CF8-CFDF-4BE5-ABE6-29EC896BE5DF}.AWSStaging|x86.ActiveCfg = Release|Any CPU
		{45FB1CF8-CFDF-4BE5-ABE6-29EC896BE5DF}.AWSStaging|x86.Build.0 = Release|Any CPU
		{45FB1CF8-CFDF-4BE5-ABE6-29EC896BE5DF}.AWSValidation|Any CPU.ActiveCfg = Release|Any CPU
		{45FB1CF8-CFDF-4BE5-ABE6-29EC896BE5DF}.AWSValidation|Any CPU.Build.0 = Release|Any CPU
		{45FB1CF8-CFDF-4BE5-ABE6-29EC896BE5DF}.AWSValidation|x64.ActiveCfg = Release|Any CPU
		{45FB1CF8-CFDF-4BE5-ABE6-29EC896BE5DF}.AWSValidation|x64.Build.0 = Release|Any CPU
		{45FB1CF8-CFDF-4BE5-ABE6-29EC896BE5DF}.AWSValidation|x86.ActiveCfg = Release|Any CPU
		{45FB1CF8-CFDF-4BE5-ABE6-29EC896BE5DF}.AWSValidation|x86.Build.0 = Release|Any CPU
		{45FB1CF8-CFDF-4BE5-ABE6-29EC896BE5DF}.Debug|Any CPU.ActiveCfg = Debug|Any CPU
		{45FB1CF8-CFDF-4BE5-ABE6-29EC896BE5DF}.Debug|Any CPU.Build.0 = Debug|Any CPU
		{45FB1CF8-CFDF-4BE5-ABE6-29EC896BE5DF}.Debug|x64.ActiveCfg = Debug|Any CPU
		{45FB1CF8-CFDF-4BE5-ABE6-29EC896BE5DF}.Debug|x64.Build.0 = Debug|Any CPU
		{45FB1CF8-CFDF-4BE5-ABE6-29EC896BE5DF}.Debug|x86.ActiveCfg = Debug|Any CPU
		{45FB1CF8-CFDF-4BE5-ABE6-29EC896BE5DF}.Debug|x86.Build.0 = Debug|Any CPU
		{45FB1CF8-CFDF-4BE5-ABE6-29EC896BE5DF}.Development|Any CPU.ActiveCfg = Debug|Any CPU
		{45FB1CF8-CFDF-4BE5-ABE6-29EC896BE5DF}.Development|Any CPU.Build.0 = Debug|Any CPU
		{45FB1CF8-CFDF-4BE5-ABE6-29EC896BE5DF}.Development|x64.ActiveCfg = Debug|Any CPU
		{45FB1CF8-CFDF-4BE5-ABE6-29EC896BE5DF}.Development|x64.Build.0 = Debug|Any CPU
		{45FB1CF8-CFDF-4BE5-ABE6-29EC896BE5DF}.Development|x86.ActiveCfg = Debug|Any CPU
		{45FB1CF8-CFDF-4BE5-ABE6-29EC896BE5DF}.Development|x86.Build.0 = Debug|Any CPU
		{45FB1CF8-CFDF-4BE5-ABE6-29EC896BE5DF}.PostProduction|Any CPU.ActiveCfg = Release|Any CPU
		{45FB1CF8-CFDF-4BE5-ABE6-29EC896BE5DF}.PostProduction|Any CPU.Build.0 = Release|Any CPU
		{45FB1CF8-CFDF-4BE5-ABE6-29EC896BE5DF}.PostProduction|x64.ActiveCfg = Release|Any CPU
		{45FB1CF8-CFDF-4BE5-ABE6-29EC896BE5DF}.PostProduction|x64.Build.0 = Release|Any CPU
		{45FB1CF8-CFDF-4BE5-ABE6-29EC896BE5DF}.PostProduction|x86.ActiveCfg = Release|Any CPU
		{45FB1CF8-CFDF-4BE5-ABE6-29EC896BE5DF}.PostProduction|x86.Build.0 = Release|Any CPU
		{45FB1CF8-CFDF-4BE5-ABE6-29EC896BE5DF}.Production|Any CPU.ActiveCfg = Release|Any CPU
		{45FB1CF8-CFDF-4BE5-ABE6-29EC896BE5DF}.Production|Any CPU.Build.0 = Release|Any CPU
		{45FB1CF8-CFDF-4BE5-ABE6-29EC896BE5DF}.Production|x64.ActiveCfg = Release|Any CPU
		{45FB1CF8-CFDF-4BE5-ABE6-29EC896BE5DF}.Production|x64.Build.0 = Release|Any CPU
		{45FB1CF8-CFDF-4BE5-ABE6-29EC896BE5DF}.Production|x86.ActiveCfg = Release|Any CPU
		{45FB1CF8-CFDF-4BE5-ABE6-29EC896BE5DF}.Production|x86.Build.0 = Release|Any CPU
		{45FB1CF8-CFDF-4BE5-ABE6-29EC896BE5DF}.Release|Any CPU.ActiveCfg = Release|Any CPU
		{45FB1CF8-CFDF-4BE5-ABE6-29EC896BE5DF}.Release|Any CPU.Build.0 = Release|Any CPU
		{45FB1CF8-CFDF-4BE5-ABE6-29EC896BE5DF}.Release|x64.ActiveCfg = Release|Any CPU
		{45FB1CF8-CFDF-4BE5-ABE6-29EC896BE5DF}.Release|x64.Build.0 = Release|Any CPU
		{45FB1CF8-CFDF-4BE5-ABE6-29EC896BE5DF}.Release|x86.ActiveCfg = Release|Any CPU
		{45FB1CF8-CFDF-4BE5-ABE6-29EC896BE5DF}.Release|x86.Build.0 = Release|Any CPU
		{45FB1CF8-CFDF-4BE5-ABE6-29EC896BE5DF}.Staging|Any CPU.ActiveCfg = Release|Any CPU
		{45FB1CF8-CFDF-4BE5-ABE6-29EC896BE5DF}.Staging|Any CPU.Build.0 = Release|Any CPU
		{45FB1CF8-CFDF-4BE5-ABE6-29EC896BE5DF}.Staging|x64.ActiveCfg = Release|Any CPU
		{45FB1CF8-CFDF-4BE5-ABE6-29EC896BE5DF}.Staging|x64.Build.0 = Release|Any CPU
		{45FB1CF8-CFDF-4BE5-ABE6-29EC896BE5DF}.Staging|x86.ActiveCfg = Release|Any CPU
		{45FB1CF8-CFDF-4BE5-ABE6-29EC896BE5DF}.Staging|x86.Build.0 = Release|Any CPU
		{45FB1CF8-CFDF-4BE5-ABE6-29EC896BE5DF}.Validation|Any CPU.ActiveCfg = Release|Any CPU
		{45FB1CF8-CFDF-4BE5-ABE6-29EC896BE5DF}.Validation|Any CPU.Build.0 = Release|Any CPU
		{45FB1CF8-CFDF-4BE5-ABE6-29EC896BE5DF}.Validation|x64.ActiveCfg = Release|Any CPU
		{45FB1CF8-CFDF-4BE5-ABE6-29EC896BE5DF}.Validation|x64.Build.0 = Release|Any CPU
		{45FB1CF8-CFDF-4BE5-ABE6-29EC896BE5DF}.Validation|x86.ActiveCfg = Release|Any CPU
		{45FB1CF8-CFDF-4BE5-ABE6-29EC896BE5DF}.Validation|x86.Build.0 = Release|Any CPU
		{74918D16-39A6-4EFC-8893-8FAE4A24FCBA}.AWSPostProduction|Any CPU.ActiveCfg = AWSPostProduction|Any CPU
		{74918D16-39A6-4EFC-8893-8FAE4A24FCBA}.AWSPostProduction|Any CPU.Build.0 = AWSPostProduction|Any CPU
		{74918D16-39A6-4EFC-8893-8FAE4A24FCBA}.AWSPostProduction|x64.ActiveCfg = AWSPostProduction|Any CPU
		{74918D16-39A6-4EFC-8893-8FAE4A24FCBA}.AWSPostProduction|x64.Build.0 = AWSPostProduction|Any CPU
		{74918D16-39A6-4EFC-8893-8FAE4A24FCBA}.AWSPostProduction|x86.ActiveCfg = AWSPostProduction|Any CPU
		{74918D16-39A6-4EFC-8893-8FAE4A24FCBA}.AWSPostProduction|x86.Build.0 = AWSPostProduction|Any CPU
		{74918D16-39A6-4EFC-8893-8FAE4A24FCBA}.AWSStaging|Any CPU.ActiveCfg = AWSStaging|Any CPU
		{74918D16-39A6-4EFC-8893-8FAE4A24FCBA}.AWSStaging|Any CPU.Build.0 = AWSStaging|Any CPU
		{74918D16-39A6-4EFC-8893-8FAE4A24FCBA}.AWSStaging|x64.ActiveCfg = AWSStaging|Any CPU
		{74918D16-39A6-4EFC-8893-8FAE4A24FCBA}.AWSStaging|x64.Build.0 = AWSStaging|Any CPU
		{74918D16-39A6-4EFC-8893-8FAE4A24FCBA}.AWSStaging|x86.ActiveCfg = AWSStaging|Any CPU
		{74918D16-39A6-4EFC-8893-8FAE4A24FCBA}.AWSStaging|x86.Build.0 = AWSStaging|Any CPU
		{74918D16-39A6-4EFC-8893-8FAE4A24FCBA}.AWSValidation|Any CPU.ActiveCfg = AWSValidation|Any CPU
		{74918D16-39A6-4EFC-8893-8FAE4A24FCBA}.AWSValidation|Any CPU.Build.0 = AWSValidation|Any CPU
		{74918D16-39A6-4EFC-8893-8FAE4A24FCBA}.AWSValidation|x64.ActiveCfg = AWSValidation|Any CPU
		{74918D16-39A6-4EFC-8893-8FAE4A24FCBA}.AWSValidation|x64.Build.0 = AWSValidation|Any CPU
		{74918D16-39A6-4EFC-8893-8FAE4A24FCBA}.AWSValidation|x86.ActiveCfg = AWSValidation|Any CPU
		{74918D16-39A6-4EFC-8893-8FAE4A24FCBA}.AWSValidation|x86.Build.0 = AWSValidation|Any CPU
		{74918D16-39A6-4EFC-8893-8FAE4A24FCBA}.Debug|Any CPU.ActiveCfg = Debug|Any CPU
		{74918D16-39A6-4EFC-8893-8FAE4A24FCBA}.Debug|Any CPU.Build.0 = Debug|Any CPU
		{74918D16-39A6-4EFC-8893-8FAE4A24FCBA}.Debug|x64.ActiveCfg = Debug|Any CPU
		{74918D16-39A6-4EFC-8893-8FAE4A24FCBA}.Debug|x64.Build.0 = Debug|Any CPU
		{74918D16-39A6-4EFC-8893-8FAE4A24FCBA}.Debug|x86.ActiveCfg = Debug|Any CPU
		{74918D16-39A6-4EFC-8893-8FAE4A24FCBA}.Debug|x86.Build.0 = Debug|Any CPU
		{74918D16-39A6-4EFC-8893-8FAE4A24FCBA}.Development|Any CPU.ActiveCfg = Development|Any CPU
		{74918D16-39A6-4EFC-8893-8FAE4A24FCBA}.Development|Any CPU.Build.0 = Development|Any CPU
		{74918D16-39A6-4EFC-8893-8FAE4A24FCBA}.Development|x64.ActiveCfg = Development|Any CPU
		{74918D16-39A6-4EFC-8893-8FAE4A24FCBA}.Development|x64.Build.0 = Development|Any CPU
		{74918D16-39A6-4EFC-8893-8FAE4A24FCBA}.Development|x86.ActiveCfg = Development|Any CPU
		{74918D16-39A6-4EFC-8893-8FAE4A24FCBA}.Development|x86.Build.0 = Development|Any CPU
		{74918D16-39A6-4EFC-8893-8FAE4A24FCBA}.PostProduction|Any CPU.ActiveCfg = PostProduction|Any CPU
		{74918D16-39A6-4EFC-8893-8FAE4A24FCBA}.PostProduction|Any CPU.Build.0 = PostProduction|Any CPU
		{74918D16-39A6-4EFC-8893-8FAE4A24FCBA}.PostProduction|x64.ActiveCfg = PostProduction|Any CPU
		{74918D16-39A6-4EFC-8893-8FAE4A24FCBA}.PostProduction|x64.Build.0 = PostProduction|Any CPU
		{74918D16-39A6-4EFC-8893-8FAE4A24FCBA}.PostProduction|x86.ActiveCfg = PostProduction|Any CPU
		{74918D16-39A6-4EFC-8893-8FAE4A24FCBA}.PostProduction|x86.Build.0 = PostProduction|Any CPU
		{74918D16-39A6-4EFC-8893-8FAE4A24FCBA}.Production|Any CPU.ActiveCfg = Production|Any CPU
		{74918D16-39A6-4EFC-8893-8FAE4A24FCBA}.Production|Any CPU.Build.0 = Production|Any CPU
		{74918D16-39A6-4EFC-8893-8FAE4A24FCBA}.Production|x64.ActiveCfg = Production|Any CPU
		{74918D16-39A6-4EFC-8893-8FAE4A24FCBA}.Production|x64.Build.0 = Production|Any CPU
		{74918D16-39A6-4EFC-8893-8FAE4A24FCBA}.Production|x86.ActiveCfg = Production|Any CPU
		{74918D16-39A6-4EFC-8893-8FAE4A24FCBA}.Production|x86.Build.0 = Production|Any CPU
		{74918D16-39A6-4EFC-8893-8FAE4A24FCBA}.Release|Any CPU.ActiveCfg = Release|Any CPU
		{74918D16-39A6-4EFC-8893-8FAE4A24FCBA}.Release|Any CPU.Build.0 = Release|Any CPU
		{74918D16-39A6-4EFC-8893-8FAE4A24FCBA}.Release|x64.ActiveCfg = Release|Any CPU
		{74918D16-39A6-4EFC-8893-8FAE4A24FCBA}.Release|x64.Build.0 = Release|Any CPU
		{74918D16-39A6-4EFC-8893-8FAE4A24FCBA}.Release|x86.ActiveCfg = Release|Any CPU
		{74918D16-39A6-4EFC-8893-8FAE4A24FCBA}.Release|x86.Build.0 = Release|Any CPU
		{74918D16-39A6-4EFC-8893-8FAE4A24FCBA}.Staging|Any CPU.ActiveCfg = Staging|Any CPU
		{74918D16-39A6-4EFC-8893-8FAE4A24FCBA}.Staging|Any CPU.Build.0 = Staging|Any CPU
		{74918D16-39A6-4EFC-8893-8FAE4A24FCBA}.Staging|x64.ActiveCfg = Staging|Any CPU
		{74918D16-39A6-4EFC-8893-8FAE4A24FCBA}.Staging|x64.Build.0 = Staging|Any CPU
		{74918D16-39A6-4EFC-8893-8FAE4A24FCBA}.Staging|x86.ActiveCfg = Staging|Any CPU
		{74918D16-39A6-4EFC-8893-8FAE4A24FCBA}.Staging|x86.Build.0 = Staging|Any CPU
		{74918D16-39A6-4EFC-8893-8FAE4A24FCBA}.Validation|Any CPU.ActiveCfg = Validation|Any CPU
		{74918D16-39A6-4EFC-8893-8FAE4A24FCBA}.Validation|Any CPU.Build.0 = Validation|Any CPU
		{74918D16-39A6-4EFC-8893-8FAE4A24FCBA}.Validation|x64.ActiveCfg = Validation|Any CPU
		{74918D16-39A6-4EFC-8893-8FAE4A24FCBA}.Validation|x64.Build.0 = Validation|Any CPU
		{74918D16-39A6-4EFC-8893-8FAE4A24FCBA}.Validation|x86.ActiveCfg = Validation|Any CPU
		{74918D16-39A6-4EFC-8893-8FAE4A24FCBA}.Validation|x86.Build.0 = Validation|Any CPU
	EndGlobalSection
	GlobalSection(SolutionProperties) = preSolution
		HideSolutionNode = FALSE
	EndGlobalSection
	GlobalSection(NestedProjects) = preSolution
		{FF2DC7D6-220C-41EF-B6FD-37EF87276893} = {EE663816-BFD3-48AE-9D5D-5E84A8020DFF}
		{45FB1CF8-CFDF-4BE5-ABE6-29EC896BE5DF} = {4E9AA6C5-CBEB-46D7-87B8-549A8F708AB6}
		{74918D16-39A6-4EFC-8893-8FAE4A24FCBA} = {EE663816-BFD3-48AE-9D5D-5E84A8020DFF}
	EndGlobalSection
	GlobalSection(ExtensibilityGlobals) = postSolution
		SolutionGuid = {D6ED4D7E-C616-4C78-8207-03A08392758A}
	EndGlobalSection
EndGlobal
